// !$*UTF8*$!
{
	archiveVersion = 1;
	classes = {
	};
	objectVersion = 55;
	objects = {

/* Begin PBXBuildFile section */
		E5083559274D99A5006AEF28 /* PlayerView.swift in Sources */ = {isa = PBXBuildFile; fileRef = E5083558274D99A5006AEF28 /* PlayerView.swift */; };
		E508355B274D9A19006AEF28 /* CreateCompanyView.swift in Sources */ = {isa = PBXBuildFile; fileRef = E508355A274D9A19006AEF28 /* CreateCompanyView.swift */; };
		E508355D274D9A82006AEF28 /* UniversalTextField.swift in Sources */ = {isa = PBXBuildFile; fileRef = E508355C274D9A82006AEF28 /* UniversalTextField.swift */; };
		E5083560274D9AFA006AEF28 /* KeyboardHeightWorker.swift in Sources */ = {isa = PBXBuildFile; fileRef = E508355F274D9AFA006AEF28 /* KeyboardHeightWorker.swift */; };
		E5083562274D9B32006AEF28 /* LoginBlurView.swift in Sources */ = {isa = PBXBuildFile; fileRef = E5083561274D9B32006AEF28 /* LoginBlurView.swift */; };
		E5083565274D9B72006AEF28 /* View.swift in Sources */ = {isa = PBXBuildFile; fileRef = E5083564274D9B72006AEF28 /* View.swift */; };
		E5083568274D9BAD006AEF28 /* RoundedCornersShape.swift in Sources */ = {isa = PBXBuildFile; fileRef = E5083567274D9BAD006AEF28 /* RoundedCornersShape.swift */; };
		E508356A274D9BE0006AEF28 /* AnimationCompletionObserverModifier.swift in Sources */ = {isa = PBXBuildFile; fileRef = E5083569274D9BE0006AEF28 /* AnimationCompletionObserverModifier.swift */; };
		E508356D274D9C2F006AEF28 /* CompanyModel.swift in Sources */ = {isa = PBXBuildFile; fileRef = E508356C274D9C2F006AEF28 /* CompanyModel.swift */; };
		E5083570274D9E41006AEF28 /* LoginToggle.swift in Sources */ = {isa = PBXBuildFile; fileRef = E508356F274D9E41006AEF28 /* LoginToggle.swift */; };
		E5083572274D9EDD006AEF28 /* PWSwitch.swift in Sources */ = {isa = PBXBuildFile; fileRef = E5083571274D9EDD006AEF28 /* PWSwitch.swift */; };
		E5083574274D9F38006AEF28 /* LoginButton.swift in Sources */ = {isa = PBXBuildFile; fileRef = E5083573274D9F38006AEF28 /* LoginButton.swift */; };
		E5083577274D9F76006AEF28 /* NoHighlightButtonStyle.swift in Sources */ = {isa = PBXBuildFile; fileRef = E5083576274D9F75006AEF28 /* NoHighlightButtonStyle.swift */; };
		E5083579274D9FA4006AEF28 /* Color.swift in Sources */ = {isa = PBXBuildFile; fileRef = E5083578274D9FA4006AEF28 /* Color.swift */; };
		E508357B274DA050006AEF28 /* SelectTypeAvatarButton.swift in Sources */ = {isa = PBXBuildFile; fileRef = E508357A274DA050006AEF28 /* SelectTypeAvatarButton.swift */; };
		E508357E274DA0B1006AEF28 /* CompanyType.swift in Sources */ = {isa = PBXBuildFile; fileRef = E508357D274DA0B1006AEF28 /* CompanyType.swift */; };
		E5083580274DA157006AEF28 /* LoginTypePicker.swift in Sources */ = {isa = PBXBuildFile; fileRef = E508357F274DA157006AEF28 /* LoginTypePicker.swift */; };
		E5D63D2E274C250F00214229 /* SwiftUI_TestApp.swift in Sources */ = {isa = PBXBuildFile; fileRef = E5D63D2D274C250F00214229 /* SwiftUI_TestApp.swift */; };
		E5D63D30274C250F00214229 /* LoginView.swift in Sources */ = {isa = PBXBuildFile; fileRef = E5D63D2F274C250F00214229 /* LoginView.swift */; };
		E5D63D32274C251100214229 /* Assets.xcassets in Resources */ = {isa = PBXBuildFile; fileRef = E5D63D31274C251100214229 /* Assets.xcassets */; };
		E5D63D35274C251100214229 /* Preview Assets.xcassets in Resources */ = {isa = PBXBuildFile; fileRef = E5D63D34274C251100214229 /* Preview Assets.xcassets */; };
		E5D63D3F274C251100214229 /* SwiftUI_TestTests.swift in Sources */ = {isa = PBXBuildFile; fileRef = E5D63D3E274C251100214229 /* SwiftUI_TestTests.swift */; };
		E5D63D49274C251100214229 /* SwiftUI_TestUITests.swift in Sources */ = {isa = PBXBuildFile; fileRef = E5D63D48274C251100214229 /* SwiftUI_TestUITests.swift */; };
		E5D63D4B274C251100214229 /* SwiftUI_TestUITestsLaunchTests.swift in Sources */ = {isa = PBXBuildFile; fileRef = E5D63D4A274C251100214229 /* SwiftUI_TestUITestsLaunchTests.swift */; };
		E5E331DE27551A1B0012EE2C /* video.mp4 in Resources */ = {isa = PBXBuildFile; fileRef = E5E331DD27551A1B0012EE2C /* video.mp4 */; };
/* End PBXBuildFile section */

/* Begin PBXContainerItemProxy section */
		E5D63D3B274C251100214229 /* PBXContainerItemProxy */ = {
			isa = PBXContainerItemProxy;
			containerPortal = E5D63D22274C250F00214229 /* Project object */;
			proxyType = 1;
			remoteGlobalIDString = E5D63D29274C250F00214229;
			remoteInfo = "SwiftUI Test";
		};
		E5D63D45274C251100214229 /* PBXContainerItemProxy */ = {
			isa = PBXContainerItemProxy;
			containerPortal = E5D63D22274C250F00214229 /* Project object */;
			proxyType = 1;
			remoteGlobalIDString = E5D63D29274C250F00214229;
			remoteInfo = "SwiftUI Test";
		};
/* End PBXContainerItemProxy section */

/* Begin PBXFileReference section */
		E5083558274D99A5006AEF28 /* PlayerView.swift */ = {isa = PBXFileReference; lastKnownFileType = sourcecode.swift; path = PlayerView.swift; sourceTree = "<group>"; };
		E508355A274D9A19006AEF28 /* CreateCompanyView.swift */ = {isa = PBXFileReference; lastKnownFileType = sourcecode.swift; path = CreateCompanyView.swift; sourceTree = "<group>"; };
		E508355C274D9A82006AEF28 /* UniversalTextField.swift */ = {isa = PBXFileReference; lastKnownFileType = sourcecode.swift; path = UniversalTextField.swift; sourceTree = "<group>"; };
		E508355F274D9AFA006AEF28 /* KeyboardHeightWorker.swift */ = {isa = PBXFileReference; lastKnownFileType = sourcecode.swift; path = KeyboardHeightWorker.swift; sourceTree = "<group>"; };
		E5083561274D9B32006AEF28 /* LoginBlurView.swift */ = {isa = PBXFileReference; lastKnownFileType = sourcecode.swift; path = LoginBlurView.swift; sourceTree = "<group>"; };
		E5083564274D9B72006AEF28 /* View.swift */ = {isa = PBXFileReference; lastKnownFileType = sourcecode.swift; path = View.swift; sourceTree = "<group>"; };
		E5083567274D9BAD006AEF28 /* RoundedCornersShape.swift */ = {isa = PBXFileReference; lastKnownFileType = sourcecode.swift; path = RoundedCornersShape.swift; sourceTree = "<group>"; };
		E5083569274D9BE0006AEF28 /* AnimationCompletionObserverModifier.swift */ = {isa = PBXFileReference; lastKnownFileType = sourcecode.swift; path = AnimationCompletionObserverModifier.swift; sourceTree = "<group>"; };
		E508356C274D9C2F006AEF28 /* CompanyModel.swift */ = {isa = PBXFileReference; lastKnownFileType = sourcecode.swift; path = CompanyModel.swift; sourceTree = "<group>"; };
		E508356F274D9E41006AEF28 /* LoginToggle.swift */ = {isa = PBXFileReference; lastKnownFileType = sourcecode.swift; path = LoginToggle.swift; sourceTree = "<group>"; };
		E5083571274D9EDD006AEF28 /* PWSwitch.swift */ = {isa = PBXFileReference; lastKnownFileType = sourcecode.swift; path = PWSwitch.swift; sourceTree = "<group>"; };
		E5083573274D9F38006AEF28 /* LoginButton.swift */ = {isa = PBXFileReference; lastKnownFileType = sourcecode.swift; path = LoginButton.swift; sourceTree = "<group>"; };
		E5083576274D9F75006AEF28 /* NoHighlightButtonStyle.swift */ = {isa = PBXFileReference; lastKnownFileType = sourcecode.swift; path = NoHighlightButtonStyle.swift; sourceTree = "<group>"; };
		E5083578274D9FA4006AEF28 /* Color.swift */ = {isa = PBXFileReference; lastKnownFileType = sourcecode.swift; path = Color.swift; sourceTree = "<group>"; };
		E508357A274DA050006AEF28 /* SelectTypeAvatarButton.swift */ = {isa = PBXFileReference; lastKnownFileType = sourcecode.swift; path = SelectTypeAvatarButton.swift; sourceTree = "<group>"; };
		E508357D274DA0B1006AEF28 /* CompanyType.swift */ = {isa = PBXFileReference; lastKnownFileType = sourcecode.swift; path = CompanyType.swift; sourceTree = "<group>"; };
		E508357F274DA157006AEF28 /* LoginTypePicker.swift */ = {isa = PBXFileReference; lastKnownFileType = sourcecode.swift; path = LoginTypePicker.swift; sourceTree = "<group>"; };
		E5D63D2A274C250F00214229 /* SwiftUI Test.app */ = {isa = PBXFileReference; explicitFileType = wrapper.application; includeInIndex = 0; path = "SwiftUI Test.app"; sourceTree = BUILT_PRODUCTS_DIR; };
		E5D63D2D274C250F00214229 /* SwiftUI_TestApp.swift */ = {isa = PBXFileReference; lastKnownFileType = sourcecode.swift; path = SwiftUI_TestApp.swift; sourceTree = "<group>"; };
		E5D63D2F274C250F00214229 /* LoginView.swift */ = {isa = PBXFileReference; lastKnownFileType = sourcecode.swift; path = LoginView.swift; sourceTree = "<group>"; };
		E5D63D31274C251100214229 /* Assets.xcassets */ = {isa = PBXFileReference; lastKnownFileType = folder.assetcatalog; path = Assets.xcassets; sourceTree = "<group>"; };
		E5D63D34274C251100214229 /* Preview Assets.xcassets */ = {isa = PBXFileReference; lastKnownFileType = folder.assetcatalog; path = "Preview Assets.xcassets"; sourceTree = "<group>"; };
		E5D63D3A274C251100214229 /* SwiftUI TestTests.xctest */ = {isa = PBXFileReference; explicitFileType = wrapper.cfbundle; includeInIndex = 0; path = "SwiftUI TestTests.xctest"; sourceTree = BUILT_PRODUCTS_DIR; };
		E5D63D3E274C251100214229 /* SwiftUI_TestTests.swift */ = {isa = PBXFileReference; lastKnownFileType = sourcecode.swift; path = SwiftUI_TestTests.swift; sourceTree = "<group>"; };
		E5D63D44274C251100214229 /* SwiftUI TestUITests.xctest */ = {isa = PBXFileReference; explicitFileType = wrapper.cfbundle; includeInIndex = 0; path = "SwiftUI TestUITests.xctest"; sourceTree = BUILT_PRODUCTS_DIR; };
		E5D63D48274C251100214229 /* SwiftUI_TestUITests.swift */ = {isa = PBXFileReference; lastKnownFileType = sourcecode.swift; path = SwiftUI_TestUITests.swift; sourceTree = "<group>"; };
		E5D63D4A274C251100214229 /* SwiftUI_TestUITestsLaunchTests.swift */ = {isa = PBXFileReference; lastKnownFileType = sourcecode.swift; path = SwiftUI_TestUITestsLaunchTests.swift; sourceTree = "<group>"; };
		E5E331DD27551A1B0012EE2C /* video.mp4 */ = {isa = PBXFileReference; lastKnownFileType = file; path = video.mp4; sourceTree = "<group>"; };
/* End PBXFileReference section */

/* Begin PBXFrameworksBuildPhase section */
		E5D63D27274C250F00214229 /* Frameworks */ = {
			isa = PBXFrameworksBuildPhase;
			buildActionMask = 2147483647;
			files = (
			);
			runOnlyForDeploymentPostprocessing = 0;
		};
		E5D63D37274C251100214229 /* Frameworks */ = {
			isa = PBXFrameworksBuildPhase;
			buildActionMask = 2147483647;
			files = (
			);
			runOnlyForDeploymentPostprocessing = 0;
		};
		E5D63D41274C251100214229 /* Frameworks */ = {
			isa = PBXFrameworksBuildPhase;
			buildActionMask = 2147483647;
			files = (
			);
			runOnlyForDeploymentPostprocessing = 0;
		};
/* End PBXFrameworksBuildPhase section */

/* Begin PBXGroup section */
		E5083555274D9889006AEF28 /* Flows */ = {
			isa = PBXGroup;
			children = (
				E508357C274DA0A2006AEF28 /* Generic */,
				E5083556274D98A7006AEF28 /* Login */,
			);
			path = Flows;
			sourceTree = "<group>";
		};
		E5083556274D98A7006AEF28 /* Login */ = {
			isa = PBXGroup;
			children = (
				E508355A274D9A19006AEF28 /* CreateCompanyView.swift */,
				E5D63D2F274C250F00214229 /* LoginView.swift */,
				E508356B274D9C12006AEF28 /* Model */,
				E5083557274D9951006AEF28 /* Views */,
				E508355E274D9AD2006AEF28 /* Workers */,
			);
			path = Login;
			sourceTree = "<group>";
		};
		E5083557274D9951006AEF28 /* Views */ = {
			isa = PBXGroup;
			children = (
				E5083558274D99A5006AEF28 /* PlayerView.swift */,
				E508355C274D9A82006AEF28 /* UniversalTextField.swift */,
				E5083561274D9B32006AEF28 /* LoginBlurView.swift */,
				E508356F274D9E41006AEF28 /* LoginToggle.swift */,
				E5083573274D9F38006AEF28 /* LoginButton.swift */,
				E508357A274DA050006AEF28 /* SelectTypeAvatarButton.swift */,
				E508357F274DA157006AEF28 /* LoginTypePicker.swift */,
			);
			path = Views;
			sourceTree = "<group>";
		};
		E508355E274D9AD2006AEF28 /* Workers */ = {
			isa = PBXGroup;
			children = (
				E508355F274D9AFA006AEF28 /* KeyboardHeightWorker.swift */,
			);
			path = Workers;
			sourceTree = "<group>";
		};
		E5083563274D9B61006AEF28 /* Extensions */ = {
			isa = PBXGroup;
			children = (
				E5083564274D9B72006AEF28 /* View.swift */,
				E5083578274D9FA4006AEF28 /* Color.swift */,
			);
			path = Extensions;
			sourceTree = "<group>";
		};
		E5083566274D9B90006AEF28 /* Custom Views */ = {
			isa = PBXGroup;
			children = (
				E5083567274D9BAD006AEF28 /* RoundedCornersShape.swift */,
				E5083569274D9BE0006AEF28 /* AnimationCompletionObserverModifier.swift */,
				E5083571274D9EDD006AEF28 /* PWSwitch.swift */,
			);
			path = "Custom Views";
			sourceTree = "<group>";
		};
		E508356B274D9C12006AEF28 /* Model */ = {
			isa = PBXGroup;
			children = (
				E508356C274D9C2F006AEF28 /* CompanyModel.swift */,
			);
			path = Model;
			sourceTree = "<group>";
		};
		E5083575274D9F54006AEF28 /* Styles */ = {
			isa = PBXGroup;
			children = (
				E5083576274D9F75006AEF28 /* NoHighlightButtonStyle.swift */,
			);
			path = Styles;
			sourceTree = "<group>";
		};
		E508357C274DA0A2006AEF28 /* Generic */ = {
			isa = PBXGroup;
			children = (
				E508357D274DA0B1006AEF28 /* CompanyType.swift */,
			);
			path = Generic;
			sourceTree = "<group>";
		};
		E5083581274DA2A0006AEF28 /* Resources */ = {
			isa = PBXGroup;
			children = (
				E5D63D31274C251100214229 /* Assets.xcassets */,
				E5E331DD27551A1B0012EE2C /* video.mp4 */,
			);
			path = Resources;
			sourceTree = "<group>";
		};
		E5D63D21274C250F00214229 = {
			isa = PBXGroup;
			children = (
				E5D63D2C274C250F00214229 /* SwiftUI Test */,
				E5D63D3D274C251100214229 /* SwiftUI TestTests */,
				E5D63D47274C251100214229 /* SwiftUI TestUITests */,
				E5D63D2B274C250F00214229 /* Products */,
			);
			sourceTree = "<group>";
		};
		E5D63D2B274C250F00214229 /* Products */ = {
			isa = PBXGroup;
			children = (
				E5D63D2A274C250F00214229 /* SwiftUI Test.app */,
				E5D63D3A274C251100214229 /* SwiftUI TestTests.xctest */,
				E5D63D44274C251100214229 /* SwiftUI TestUITests.xctest */,
			);
			name = Products;
			sourceTree = "<group>";
		};
		E5D63D2C274C250F00214229 /* SwiftUI Test */ = {
			isa = PBXGroup;
			children = (
				E5D63D2D274C250F00214229 /* SwiftUI_TestApp.swift */,
				E5083566274D9B90006AEF28 /* Custom Views */,
				E5083563274D9B61006AEF28 /* Extensions */,
				E5083555274D9889006AEF28 /* Flows */,
				E5D63D33274C251100214229 /* Preview Content */,
				E5083581274DA2A0006AEF28 /* Resources */,
				E5083575274D9F54006AEF28 /* Styles */,
			);
			path = "SwiftUI Test";
			sourceTree = "<group>";
		};
		E5D63D33274C251100214229 /* Preview Content */ = {
			isa = PBXGroup;
			children = (
				E5D63D34274C251100214229 /* Preview Assets.xcassets */,
			);
			path = "Preview Content";
			sourceTree = "<group>";
		};
		E5D63D3D274C251100214229 /* SwiftUI TestTests */ = {
			isa = PBXGroup;
			children = (
				E5D63D3E274C251100214229 /* SwiftUI_TestTests.swift */,
			);
			path = "SwiftUI TestTests";
			sourceTree = "<group>";
		};
		E5D63D47274C251100214229 /* SwiftUI TestUITests */ = {
			isa = PBXGroup;
			children = (
				E5D63D48274C251100214229 /* SwiftUI_TestUITests.swift */,
				E5D63D4A274C251100214229 /* SwiftUI_TestUITestsLaunchTests.swift */,
			);
			path = "SwiftUI TestUITests";
			sourceTree = "<group>";
		};
/* End PBXGroup section */

/* Begin PBXNativeTarget section */
		E5D63D29274C250F00214229 /* SwiftUI Test */ = {
			isa = PBXNativeTarget;
			buildConfigurationList = E5D63D4E274C251100214229 /* Build configuration list for PBXNativeTarget "SwiftUI Test" */;
			buildPhases = (
				E5D63D26274C250F00214229 /* Sources */,
				E5D63D27274C250F00214229 /* Frameworks */,
				E5D63D28274C250F00214229 /* Resources */,
			);
			buildRules = (
			);
			dependencies = (
			);
			name = "SwiftUI Test";
			productName = "SwiftUI Test";
			productReference = E5D63D2A274C250F00214229 /* SwiftUI Test.app */;
			productType = "com.apple.product-type.application";
		};
		E5D63D39274C251100214229 /* SwiftUI TestTests */ = {
			isa = PBXNativeTarget;
			buildConfigurationList = E5D63D51274C251100214229 /* Build configuration list for PBXNativeTarget "SwiftUI TestTests" */;
			buildPhases = (
				E5D63D36274C251100214229 /* Sources */,
				E5D63D37274C251100214229 /* Frameworks */,
				E5D63D38274C251100214229 /* Resources */,
			);
			buildRules = (
			);
			dependencies = (
				E5D63D3C274C251100214229 /* PBXTargetDependency */,
			);
			name = "SwiftUI TestTests";
			productName = "SwiftUI TestTests";
			productReference = E5D63D3A274C251100214229 /* SwiftUI TestTests.xctest */;
			productType = "com.apple.product-type.bundle.unit-test";
		};
		E5D63D43274C251100214229 /* SwiftUI TestUITests */ = {
			isa = PBXNativeTarget;
			buildConfigurationList = E5D63D54274C251100214229 /* Build configuration list for PBXNativeTarget "SwiftUI TestUITests" */;
			buildPhases = (
				E5D63D40274C251100214229 /* Sources */,
				E5D63D41274C251100214229 /* Frameworks */,
				E5D63D42274C251100214229 /* Resources */,
			);
			buildRules = (
			);
			dependencies = (
				E5D63D46274C251100214229 /* PBXTargetDependency */,
			);
			name = "SwiftUI TestUITests";
			productName = "SwiftUI TestUITests";
			productReference = E5D63D44274C251100214229 /* SwiftUI TestUITests.xctest */;
			productType = "com.apple.product-type.bundle.ui-testing";
		};
/* End PBXNativeTarget section */

/* Begin PBXProject section */
		E5D63D22274C250F00214229 /* Project object */ = {
			isa = PBXProject;
			attributes = {
				BuildIndependentTargetsInParallel = 1;
				LastSwiftUpdateCheck = 1310;
				LastUpgradeCheck = 1310;
				TargetAttributes = {
					E5D63D29274C250F00214229 = {
						CreatedOnToolsVersion = 13.1;
					};
					E5D63D39274C251100214229 = {
						CreatedOnToolsVersion = 13.1;
						TestTargetID = E5D63D29274C250F00214229;
					};
					E5D63D43274C251100214229 = {
						CreatedOnToolsVersion = 13.1;
						TestTargetID = E5D63D29274C250F00214229;
					};
				};
			};
			buildConfigurationList = E5D63D25274C250F00214229 /* Build configuration list for PBXProject "SwiftUI Test" */;
			compatibilityVersion = "Xcode 13.0";
			developmentRegion = en;
			hasScannedForEncodings = 0;
			knownRegions = (
				en,
				Base,
			);
			mainGroup = E5D63D21274C250F00214229;
			productRefGroup = E5D63D2B274C250F00214229 /* Products */;
			projectDirPath = "";
			projectRoot = "";
			targets = (
				E5D63D29274C250F00214229 /* SwiftUI Test */,
				E5D63D39274C251100214229 /* SwiftUI TestTests */,
				E5D63D43274C251100214229 /* SwiftUI TestUITests */,
			);
		};
/* End PBXProject section */

/* Begin PBXResourcesBuildPhase section */
		E5D63D28274C250F00214229 /* Resources */ = {
			isa = PBXResourcesBuildPhase;
			buildActionMask = 2147483647;
			files = (
				E5D63D35274C251100214229 /* Preview Assets.xcassets in Resources */,
				E5E331DE27551A1B0012EE2C /* video.mp4 in Resources */,
				E5D63D32274C251100214229 /* Assets.xcassets in Resources */,
			);
			runOnlyForDeploymentPostprocessing = 0;
		};
		E5D63D38274C251100214229 /* Resources */ = {
			isa = PBXResourcesBuildPhase;
			buildActionMask = 2147483647;
			files = (
			);
			runOnlyForDeploymentPostprocessing = 0;
		};
		E5D63D42274C251100214229 /* Resources */ = {
			isa = PBXResourcesBuildPhase;
			buildActionMask = 2147483647;
			files = (
			);
			runOnlyForDeploymentPostprocessing = 0;
		};
/* End PBXResourcesBuildPhase section */

/* Begin PBXSourcesBuildPhase section */
		E5D63D26274C250F00214229 /* Sources */ = {
			isa = PBXSourcesBuildPhase;
			buildActionMask = 2147483647;
			files = (
				E5083565274D9B72006AEF28 /* View.swift in Sources */,
				E5083559274D99A5006AEF28 /* PlayerView.swift in Sources */,
				E5083577274D9F76006AEF28 /* NoHighlightButtonStyle.swift in Sources */,
				E508355D274D9A82006AEF28 /* UniversalTextField.swift in Sources */,
				E5083568274D9BAD006AEF28 /* RoundedCornersShape.swift in Sources */,
				E5083579274D9FA4006AEF28 /* Color.swift in Sources */,
				E508357B274DA050006AEF28 /* SelectTypeAvatarButton.swift in Sources */,
				E508356D274D9C2F006AEF28 /* CompanyModel.swift in Sources */,
				E508357E274DA0B1006AEF28 /* CompanyType.swift in Sources */,
				E5083580274DA157006AEF28 /* LoginTypePicker.swift in Sources */,
				E5D63D30274C250F00214229 /* LoginView.swift in Sources */,
				E5083572274D9EDD006AEF28 /* PWSwitch.swift in Sources */,
				E508356A274D9BE0006AEF28 /* AnimationCompletionObserverModifier.swift in Sources */,
				E5083570274D9E41006AEF28 /* LoginToggle.swift in Sources */,
				E5083574274D9F38006AEF28 /* LoginButton.swift in Sources */,
				E5D63D2E274C250F00214229 /* SwiftUI_TestApp.swift in Sources */,
				E508355B274D9A19006AEF28 /* CreateCompanyView.swift in Sources */,
				E5083562274D9B32006AEF28 /* LoginBlurView.swift in Sources */,
				E5083560274D9AFA006AEF28 /* KeyboardHeightWorker.swift in Sources */,
			);
			runOnlyForDeploymentPostprocessing = 0;
		};
		E5D63D36274C251100214229 /* Sources */ = {
			isa = PBXSourcesBuildPhase;
			buildActionMask = 2147483647;
			files = (
				E5D63D3F274C251100214229 /* SwiftUI_TestTests.swift in Sources */,
			);
			runOnlyForDeploymentPostprocessing = 0;
		};
		E5D63D40274C251100214229 /* Sources */ = {
			isa = PBXSourcesBuildPhase;
			buildActionMask = 2147483647;
			files = (
				E5D63D4B274C251100214229 /* SwiftUI_TestUITestsLaunchTests.swift in Sources */,
				E5D63D49274C251100214229 /* SwiftUI_TestUITests.swift in Sources */,
			);
			runOnlyForDeploymentPostprocessing = 0;
		};
/* End PBXSourcesBuildPhase section */

/* Begin PBXTargetDependency section */
		E5D63D3C274C251100214229 /* PBXTargetDependency */ = {
			isa = PBXTargetDependency;
			target = E5D63D29274C250F00214229 /* SwiftUI Test */;
			targetProxy = E5D63D3B274C251100214229 /* PBXContainerItemProxy */;
		};
		E5D63D46274C251100214229 /* PBXTargetDependency */ = {
			isa = PBXTargetDependency;
			target = E5D63D29274C250F00214229 /* SwiftUI Test */;
			targetProxy = E5D63D45274C251100214229 /* PBXContainerItemProxy */;
		};
/* End PBXTargetDependency section */

/* Begin XCBuildConfiguration section */
		E5D63D4C274C251100214229 /* Debug */ = {
			isa = XCBuildConfiguration;
			buildSettings = {
				ALWAYS_SEARCH_USER_PATHS = NO;
				CLANG_ANALYZER_NONNULL = YES;
				CLANG_ANALYZER_NUMBER_OBJECT_CONVERSION = YES_AGGRESSIVE;
				CLANG_CXX_LANGUAGE_STANDARD = "gnu++17";
				CLANG_CXX_LIBRARY = "libc++";
				CLANG_ENABLE_MODULES = YES;
				CLANG_ENABLE_OBJC_ARC = YES;
				CLANG_ENABLE_OBJC_WEAK = YES;
				CLANG_WARN_BLOCK_CAPTURE_AUTORELEASING = YES;
				CLANG_WARN_BOOL_CONVERSION = YES;
				CLANG_WARN_COMMA = YES;
				CLANG_WARN_CONSTANT_CONVERSION = YES;
				CLANG_WARN_DEPRECATED_OBJC_IMPLEMENTATIONS = YES;
				CLANG_WARN_DIRECT_OBJC_ISA_USAGE = YES_ERROR;
				CLANG_WARN_DOCUMENTATION_COMMENTS = YES;
				CLANG_WARN_EMPTY_BODY = YES;
				CLANG_WARN_ENUM_CONVERSION = YES;
				CLANG_WARN_INFINITE_RECURSION = YES;
				CLANG_WARN_INT_CONVERSION = YES;
				CLANG_WARN_NON_LITERAL_NULL_CONVERSION = YES;
				CLANG_WARN_OBJC_IMPLICIT_RETAIN_SELF = YES;
				CLANG_WARN_OBJC_LITERAL_CONVERSION = YES;
				CLANG_WARN_OBJC_ROOT_CLASS = YES_ERROR;
				CLANG_WARN_QUOTED_INCLUDE_IN_FRAMEWORK_HEADER = YES;
				CLANG_WARN_RANGE_LOOP_ANALYSIS = YES;
				CLANG_WARN_STRICT_PROTOTYPES = YES;
				CLANG_WARN_SUSPICIOUS_MOVE = YES;
				CLANG_WARN_UNGUARDED_AVAILABILITY = YES_AGGRESSIVE;
				CLANG_WARN_UNREACHABLE_CODE = YES;
				CLANG_WARN__DUPLICATE_METHOD_MATCH = YES;
				COPY_PHASE_STRIP = NO;
				DEBUG_INFORMATION_FORMAT = dwarf;
				ENABLE_STRICT_OBJC_MSGSEND = YES;
				ENABLE_TESTABILITY = YES;
				GCC_C_LANGUAGE_STANDARD = gnu11;
				GCC_DYNAMIC_NO_PIC = NO;
				GCC_NO_COMMON_BLOCKS = YES;
				GCC_OPTIMIZATION_LEVEL = 0;
				GCC_PREPROCESSOR_DEFINITIONS = (
					"DEBUG=1",
					"$(inherited)",
				);
				GCC_WARN_64_TO_32_BIT_CONVERSION = YES;
				GCC_WARN_ABOUT_RETURN_TYPE = YES_ERROR;
				GCC_WARN_UNDECLARED_SELECTOR = YES;
				GCC_WARN_UNINITIALIZED_AUTOS = YES_AGGRESSIVE;
				GCC_WARN_UNUSED_FUNCTION = YES;
				GCC_WARN_UNUSED_VARIABLE = YES;
				IPHONEOS_DEPLOYMENT_TARGET = 15.0;
				MTL_ENABLE_DEBUG_INFO = INCLUDE_SOURCE;
				MTL_FAST_MATH = YES;
				ONLY_ACTIVE_ARCH = YES;
				SDKROOT = iphoneos;
				SWIFT_ACTIVE_COMPILATION_CONDITIONS = DEBUG;
				SWIFT_OPTIMIZATION_LEVEL = "-Onone";
			};
			name = Debug;
		};
		E5D63D4D274C251100214229 /* Release */ = {
			isa = XCBuildConfiguration;
			buildSettings = {
				ALWAYS_SEARCH_USER_PATHS = NO;
				CLANG_ANALYZER_NONNULL = YES;
				CLANG_ANALYZER_NUMBER_OBJECT_CONVERSION = YES_AGGRESSIVE;
				CLANG_CXX_LANGUAGE_STANDARD = "gnu++17";
				CLANG_CXX_LIBRARY = "libc++";
				CLANG_ENABLE_MODULES = YES;
				CLANG_ENABLE_OBJC_ARC = YES;
				CLANG_ENABLE_OBJC_WEAK = YES;
				CLANG_WARN_BLOCK_CAPTURE_AUTORELEASING = YES;
				CLANG_WARN_BOOL_CONVERSION = YES;
				CLANG_WARN_COMMA = YES;
				CLANG_WARN_CONSTANT_CONVERSION = YES;
				CLANG_WARN_DEPRECATED_OBJC_IMPLEMENTATIONS = YES;
				CLANG_WARN_DIRECT_OBJC_ISA_USAGE = YES_ERROR;
				CLANG_WARN_DOCUMENTATION_COMMENTS = YES;
				CLANG_WARN_EMPTY_BODY = YES;
				CLANG_WARN_ENUM_CONVERSION = YES;
				CLANG_WARN_INFINITE_RECURSION = YES;
				CLANG_WARN_INT_CONVERSION = YES;
				CLANG_WARN_NON_LITERAL_NULL_CONVERSION = YES;
				CLANG_WARN_OBJC_IMPLICIT_RETAIN_SELF = YES;
				CLANG_WARN_OBJC_LITERAL_CONVERSION = YES;
				CLANG_WARN_OBJC_ROOT_CLASS = YES_ERROR;
				CLANG_WARN_QUOTED_INCLUDE_IN_FRAMEWORK_HEADER = YES;
				CLANG_WARN_RANGE_LOOP_ANALYSIS = YES;
				CLANG_WARN_STRICT_PROTOTYPES = YES;
				CLANG_WARN_SUSPICIOUS_MOVE = YES;
				CLANG_WARN_UNGUARDED_AVAILABILITY = YES_AGGRESSIVE;
				CLANG_WARN_UNREACHABLE_CODE = YES;
				CLANG_WARN__DUPLICATE_METHOD_MATCH = YES;
				COPY_PHASE_STRIP = NO;
				DEBUG_INFORMATION_FORMAT = "dwarf-with-dsym";
				ENABLE_NS_ASSERTIONS = NO;
				ENABLE_STRICT_OBJC_MSGSEND = YES;
				GCC_C_LANGUAGE_STANDARD = gnu11;
				GCC_NO_COMMON_BLOCKS = YES;
				GCC_WARN_64_TO_32_BIT_CONVERSION = YES;
				GCC_WARN_ABOUT_RETURN_TYPE = YES_ERROR;
				GCC_WARN_UNDECLARED_SELECTOR = YES;
				GCC_WARN_UNINITIALIZED_AUTOS = YES_AGGRESSIVE;
				GCC_WARN_UNUSED_FUNCTION = YES;
				GCC_WARN_UNUSED_VARIABLE = YES;
				IPHONEOS_DEPLOYMENT_TARGET = 15.0;
				MTL_ENABLE_DEBUG_INFO = NO;
				MTL_FAST_MATH = YES;
				SDKROOT = iphoneos;
				SWIFT_COMPILATION_MODE = wholemodule;
				SWIFT_OPTIMIZATION_LEVEL = "-O";
				VALIDATE_PRODUCT = YES;
			};
			name = Release;
		};
		E5D63D4F274C251100214229 /* Debug */ = {
			isa = XCBuildConfiguration;
			buildSettings = {
				ASSETCATALOG_COMPILER_APPICON_NAME = AppIcon;
				ASSETCATALOG_COMPILER_GLOBAL_ACCENT_COLOR_NAME = AccentColor;
				CODE_SIGN_STYLE = Automatic;
				CURRENT_PROJECT_VERSION = 1;
				DEVELOPMENT_ASSET_PATHS = "\"SwiftUI Test/Preview Content\"";
				ENABLE_PREVIEWS = YES;
				GENERATE_INFOPLIST_FILE = YES;
				INFOPLIST_KEY_UIApplicationSceneManifest_Generation = YES;
				INFOPLIST_KEY_UIApplicationSupportsIndirectInputEvents = YES;
				INFOPLIST_KEY_UILaunchScreen_Generation = YES;
				INFOPLIST_KEY_UISupportedInterfaceOrientations_iPad = "UIInterfaceOrientationPortrait UIInterfaceOrientationPortraitUpsideDown UIInterfaceOrientationLandscapeLeft UIInterfaceOrientationLandscapeRight";
				INFOPLIST_KEY_UISupportedInterfaceOrientations_iPhone = "UIInterfaceOrientationPortrait UIInterfaceOrientationLandscapeLeft UIInterfaceOrientationLandscapeRight";
				LD_RUNPATH_SEARCH_PATHS = (
					"$(inherited)",
					"@executable_path/Frameworks",
				);
				MARKETING_VERSION = 1.0;
				PRODUCT_BUNDLE_IDENTIFIER = "com.codeveyor.TextRecognition.SwiftUI-Test";
				PRODUCT_NAME = "$(TARGET_NAME)";
				SWIFT_EMIT_LOC_STRINGS = YES;
				SWIFT_VERSION = 5.0;
				TARGETED_DEVICE_FAMILY = "1,2";
			};
			name = Debug;
		};
		E5D63D50274C251100214229 /* Release */ = {
			isa = XCBuildConfiguration;
			buildSettings = {
				ASSETCATALOG_COMPILER_APPICON_NAME = AppIcon;
				ASSETCATALOG_COMPILER_GLOBAL_ACCENT_COLOR_NAME = AccentColor;
				CODE_SIGN_STYLE = Automatic;
				CURRENT_PROJECT_VERSION = 1;
				DEVELOPMENT_ASSET_PATHS = "\"SwiftUI Test/Preview Content\"";
				ENABLE_PREVIEWS = YES;
				GENERATE_INFOPLIST_FILE = YES;
				INFOPLIST_KEY_UIApplicationSceneManifest_Generation = YES;
				INFOPLIST_KEY_UIApplicationSupportsIndirectInputEvents = YES;
				INFOPLIST_KEY_UILaunchScreen_Generation = YES;
				INFOPLIST_KEY_UISupportedInterfaceOrientations_iPad = "UIInterfaceOrientationPortrait UIInterfaceOrientationPortraitUpsideDown UIInterfaceOrientationLandscapeLeft UIInterfaceOrientationLandscapeRight";
				INFOPLIST_KEY_UISupportedInterfaceOrientations_iPhone = "UIInterfaceOrientationPortrait UIInterfaceOrientationLandscapeLeft UIInterfaceOrientationLandscapeRight";
				LD_RUNPATH_SEARCH_PATHS = (
					"$(inherited)",
					"@executable_path/Frameworks",
				);
				MARKETING_VERSION = 1.0;
				PRODUCT_BUNDLE_IDENTIFIER = "com.codeveyor.TextRecognition.SwiftUI-Test";
				PRODUCT_NAME = "$(TARGET_NAME)";
				SWIFT_EMIT_LOC_STRINGS = YES;
				SWIFT_VERSION = 5.0;
				TARGETED_DEVICE_FAMILY = "1,2";
			};
			name = Release;
		};
		E5D63D52274C251100214229 /* Debug */ = {
			isa = XCBuildConfiguration;
			buildSettings = {
				ALWAYS_EMBED_SWIFT_STANDARD_LIBRARIES = YES;
				BUNDLE_LOADER = "$(TEST_HOST)";
				CODE_SIGN_STYLE = Automatic;
				CURRENT_PROJECT_VERSION = 1;
				GENERATE_INFOPLIST_FILE = YES;
				IPHONEOS_DEPLOYMENT_TARGET = 15.0;
				LD_RUNPATH_SEARCH_PATHS = (
					"$(inherited)",
					"@executable_path/Frameworks",
					"@loader_path/Frameworks",
				);
				MARKETING_VERSION = 1.0;
				PRODUCT_BUNDLE_IDENTIFIER = "com.codeveyor.TextRecognition.SwiftUI-TestTests";
				PRODUCT_NAME = "$(TARGET_NAME)";
				SWIFT_EMIT_LOC_STRINGS = NO;
				SWIFT_VERSION = 5.0;
				TARGETED_DEVICE_FAMILY = "1,2";
				TEST_HOST = "$(BUILT_PRODUCTS_DIR)/SwiftUI Test.app/SwiftUI Test";
			};
			name = Debug;
		};
		E5D63D53274C251100214229 /* Release */ = {
			isa = XCBuildConfiguration;
			buildSettings = {
				ALWAYS_EMBED_SWIFT_STANDARD_LIBRARIES = YES;
				BUNDLE_LOADER = "$(TEST_HOST)";
				CODE_SIGN_STYLE = Automatic;
				CURRENT_PROJECT_VERSION = 1;
				GENERATE_INFOPLIST_FILE = YES;
				IPHONEOS_DEPLOYMENT_TARGET = 15.0;
				LD_RUNPATH_SEARCH_PATHS = (
					"$(inherited)",
					"@executable_path/Frameworks",
					"@loader_path/Frameworks",
				);
				MARKETING_VERSION = 1.0;
				PRODUCT_BUNDLE_IDENTIFIER = "com.codeveyor.TextRecognition.SwiftUI-TestTests";
				PRODUCT_NAME = "$(TARGET_NAME)";
				SWIFT_EMIT_LOC_STRINGS = NO;
				SWIFT_VERSION = 5.0;
				TARGETED_DEVICE_FAMILY = "1,2";
				TEST_HOST = "$(BUILT_PRODUCTS_DIR)/SwiftUI Test.app/SwiftUI Test";
			};
			name = Release;
		};
		E5D63D55274C251100214229 /* Debug */ = {
			isa = XCBuildConfiguration;
			buildSettings = {
				ALWAYS_EMBED_SWIFT_STANDARD_LIBRARIES = YES;
				CODE_SIGN_STYLE = Automatic;
				CURRENT_PROJECT_VERSION = 1;
				GENERATE_INFOPLIST_FILE = YES;
				LD_RUNPATH_SEARCH_PATHS = (
					"$(inherited)",
					"@executable_path/Frameworks",
					"@loader_path/Frameworks",
				);
				MARKETING_VERSION = 1.0;
				PRODUCT_BUNDLE_IDENTIFIER = "com.codeveyor.TextRecognition.SwiftUI-TestUITests";
				PRODUCT_NAME = "$(TARGET_NAME)";
				SWIFT_EMIT_LOC_STRINGS = NO;
				SWIFT_VERSION = 5.0;
				TARGETED_DEVICE_FAMILY = "1,2";
				TEST_TARGET_NAME = "SwiftUI Test";
			};
			name = Debug;
		};
		E5D63D56274C251100214229 /* Release */ = {
			isa = XCBuildConfiguration;
			buildSettings = {
				ALWAYS_EMBED_SWIFT_STANDARD_LIBRARIES = YES;
				CODE_SIGN_STYLE = Automatic;
				CURRENT_PROJECT_VERSION = 1;
				GENERATE_INFOPLIST_FILE = YES;
				LD_RUNPATH_SEARCH_PATHS = (
					"$(inherited)",
					"@executable_path/Frameworks",
					"@loader_path/Frameworks",
				);
				MARKETING_VERSION = 1.0;
				PRODUCT_BUNDLE_IDENTIFIER = "com.codeveyor.TextRecognition.SwiftUI-TestUITests";
				PRODUCT_NAME = "$(TARGET_NAME)";
				SWIFT_EMIT_LOC_STRINGS = NO;
				SWIFT_VERSION = 5.0;
				TARGETED_DEVICE_FAMILY = "1,2";
				TEST_TARGET_NAME = "SwiftUI Test";
			};
			name = Release;
		};
/* End XCBuildConfiguration section */

/* Begin XCConfigurationList section */
		E5D63D25274C250F00214229 /* Build configuration list for PBXProject "SwiftUI Test" */ = {
			isa = XCConfigurationList;
			buildConfigurations = (
				E5D63D4C274C251100214229 /* Debug */,
				E5D63D4D274C251100214229 /* Release */,
			);
			defaultConfigurationIsVisible = 0;
			defaultConfigurationName = Release;
		};
		E5D63D4E274C251100214229 /* Build configuration list for PBXNativeTarget "SwiftUI Test" */ = {
			isa = XCConfigurationList;
			buildConfigurations = (
				E5D63D4F274C251100214229 /* Debug */,
				E5D63D50274C251100214229 /* Release */,
			);
			defaultConfigurationIsVisible = 0;
			defaultConfigurationName = Release;
		};
		E5D63D51274C251100214229 /* Build configuration list for PBXNativeTarget "SwiftUI TestTests" */ = {
			isa = XCConfigurationList;
			buildConfigurations = (
				E5D63D52274C251100214229 /* Debug */,
				E5D63D53274C251100214229 /* Release */,
			);
			defaultConfigurationIsVisible = 0;
			defaultConfigurationName = Release;
		};
		E5D63D54274C251100214229 /* Build configuration list for PBXNativeTarget "SwiftUI TestUITests" */ = {
			isa = XCConfigurationList;
			buildConfigurations = (
				E5D63D55274C251100214229 /* Debug */,
				E5D63D56274C251100214229 /* Release */,
			);
			defaultConfigurationIsVisible = 0;
			defaultConfigurationName = Release;
		};
/* End XCConfigurationList section */
	};
	rootObject = E5D63D22274C250F00214229 /* Project object */;
}
